
Microsoft Visual Studio Solution File, Format Version 12.00
# Visual Studio Version 16
VisualStudioVersion = 16.0.29519.181
MinimumVisualStudioVersion = 10.0.40219.1
Project("{FAE04EC0-301F-11D3-BF4B-00C04F79EFBC}") = "Golf.Android", "Golf\Golf.Android\Golf.Android.csproj", "{F2AEF490-8D04-4108-9AC1-467CFE7C98DA}"
EndProject
Project("{FAE04EC0-301F-11D3-BF4B-00C04F79EFBC}") = "Golf.iOS", "Golf\Golf.iOS\Golf.iOS.csproj", "{06CF5098-E3FB-461C-B5B4-86C91878321D}"
EndProject
Project("{9A19103F-16F7-4668-BE54-9A1E7A4F7556}") = "Golf", "Golf\Golf\Golf.csproj", "{2B5573A7-0FFE-442D-8C59-F8B5E4151385}"
EndProject
Global
	GlobalSection(SolutionConfigurationPlatforms) = preSolution
		Ad-Hoc|Any CPU = Ad-Hoc|Any CPU
		Ad-Hoc|iPhone = Ad-Hoc|iPhone
		Ad-Hoc|iPhoneSimulator = Ad-Hoc|iPhoneSimulator
		AppStore|Any CPU = AppStore|Any CPU
		AppStore|iPhone = AppStore|iPhone
		AppStore|iPhoneSimulator = AppStore|iPhoneSimulator
		Debug|Any CPU = Debug|Any CPU
		Debug|iPhone = Debug|iPhone
		Debug|iPhoneSimulator = Debug|iPhoneSimulator
		Release|Any CPU = Release|Any CPU
		Release|iPhone = Release|iPhone
		Release|iPhoneSimulator = Release|iPhoneSimulator
	EndGlobalSection
	GlobalSection(ProjectConfigurationPlatforms) = postSolution
		{F2AEF490-8D04-4108-9AC1-467CFE7C98DA}.Ad-Hoc|Any CPU.ActiveCfg = Release|Any CPU
		{F2AEF490-8D04-4108-9AC1-467CFE7C98DA}.Ad-Hoc|Any CPU.Build.0 = Release|Any CPU
		{F2AEF490-8D04-4108-9AC1-467CFE7C98DA}.Ad-Hoc|Any CPU.Deploy.0 = Release|Any CPU
		{F2AEF490-8D04-4108-9AC1-467CFE7C98DA}.Ad-Hoc|iPhone.ActiveCfg = Release|Any CPU
		{F2AEF490-8D04-4108-9AC1-467CFE7C98DA}.Ad-Hoc|iPhone.Build.0 = Release|Any CPU
		{F2AEF490-8D04-4108-9AC1-467CFE7C98DA}.Ad-Hoc|iPhone.Deploy.0 = Release|Any CPU
		{F2AEF490-8D04-4108-9AC1-467CFE7C98DA}.Ad-Hoc|iPhoneSimulator.ActiveCfg = Release|Any CPU
		{F2AEF490-8D04-4108-9AC1-467CFE7C98DA}.Ad-Hoc|iPhoneSimulator.Build.0 = Release|Any CPU
		{F2AEF490-8D04-4108-9AC1-467CFE7C98DA}.Ad-Hoc|iPhoneSimulator.Deploy.0 = Release|Any CPU
		{F2AEF490-8D04-4108-9AC1-467CFE7C98DA}.AppStore|Any CPU.ActiveCfg = Release|Any CPU
		{F2AEF490-8D04-4108-9AC1-467CFE7C98DA}.AppStore|Any CPU.Build.0 = Release|Any CPU
		{F2AEF490-8D04-4108-9AC1-467CFE7C98DA}.AppStore|Any CPU.Deploy.0 = Release|Any CPU
		{F2AEF490-8D04-4108-9AC1-467CFE7C98DA}.AppStore|iPhone.ActiveCfg = Release|Any CPU
		{F2AEF490-8D04-4108-9AC1-467CFE7C98DA}.AppStore|iPhone.Build.0 = Release|Any CPU
		{F2AEF490-8D04-4108-9AC1-467CFE7C98DA}.AppStore|iPhone.Deploy.0 = Release|Any CPU
		{F2AEF490-8D04-4108-9AC1-467CFE7C98DA}.AppStore|iPhoneSimulator.ActiveCfg = Release|Any CPU
		{F2AEF490-8D04-4108-9AC1-467CFE7C98DA}.AppStore|iPhoneSimulator.Build.0 = Release|Any CPU
		{F2AEF490-8D04-4108-9AC1-467CFE7C98DA}.AppStore|iPhoneSimulator.Deploy.0 = Release|Any CPU
		{F2AEF490-8D04-4108-9AC1-467CFE7C98DA}.Debug|Any CPU.ActiveCfg = Debug|Any CPU
		{F2AEF490-8D04-4108-9AC1-467CFE7C98DA}.Debug|Any CPU.Build.0 = Debug|Any CPU
		{F2AEF490-8D04-4108-9AC1-467CFE7C98DA}.Debug|Any CPU.Deploy.0 = Debug|Any CPU
		{F2AEF490-8D04-4108-9AC1-467CFE7C98DA}.Debug|iPhone.ActiveCfg = Debug|Any CPU
		{F2AEF490-8D04-4108-9AC1-467CFE7C98DA}.Debug|iPhone.Build.0 = Debug|Any CPU
		{F2AEF490-8D04-4108-9AC1-467CFE7C98DA}.Debug|iPhone.Deploy.0 = Debug|Any CPU
		{F2AEF490-8D04-4108-9AC1-467CFE7C98DA}.Debug|iPhoneSimulator.ActiveCfg = Debug|Any CPU
		{F2AEF490-8D04-4108-9AC1-467CFE7C98DA}.Debug|iPhoneSimulator.Build.0 = Debug|Any CPU
		{F2AEF490-8D04-4108-9AC1-467CFE7C98DA}.Debug|iPhoneSimulator.Deploy.0 = Debug|Any CPU
		{F2AEF490-8D04-4108-9AC1-467CFE7C98DA}.Release|Any CPU.ActiveCfg = Release|Any CPU
		{F2AEF490-8D04-4108-9AC1-467CFE7C98DA}.Release|Any CPU.Build.0 = Release|Any CPU
		{F2AEF490-8D04-4108-9AC1-467CFE7C98DA}.Release|Any CPU.Deploy.0 = Release|Any CPU
		{F2AEF490-8D04-4108-9AC1-467CFE7C98DA}.Release|iPhone.ActiveCfg = Release|Any CPU
		{F2AEF490-8D04-4108-9AC1-467CFE7C98DA}.Release|iPhone.Build.0 = Release|Any CPU
		{F2AEF490-8D04-4108-9AC1-467CFE7C98DA}.Release|iPhone.Deploy.0 = Release|Any CPU
		{F2AEF490-8D04-4108-9AC1-467CFE7C98DA}.Release|iPhoneSimulator.ActiveCfg = Release|Any CPU
		{F2AEF490-8D04-4108-9AC1-467CFE7C98DA}.Release|iPhoneSimulator.Build.0 = Release|Any CPU
		{F2AEF490-8D04-4108-9AC1-467CFE7C98DA}.Release|iPhoneSimulator.Deploy.0 = Release|Any CPU
		{06CF5098-E3FB-461C-B5B4-86C91878321D}.Ad-Hoc|Any CPU.ActiveCfg = Ad-Hoc|iPhone
		{06CF5098-E3FB-461C-B5B4-86C91878321D}.Ad-Hoc|Any CPU.Build.0 = Ad-Hoc|iPhone
		{06CF5098-E3FB-461C-B5B4-86C91878321D}.Ad-Hoc|Any CPU.Deploy.0 = Ad-Hoc|iPhone
		{06CF5098-E3FB-461C-B5B4-86C91878321D}.Ad-Hoc|iPhone.ActiveCfg = Ad-Hoc|iPhone
		{06CF5098-E3FB-461C-B5B4-86C91878321D}.Ad-Hoc|iPhone.Build.0 = Ad-Hoc|iPhone
		{06CF5098-E3FB-461C-B5B4-86C91878321D}.Ad-Hoc|iPhone.Deploy.0 = Ad-Hoc|iPhone
		{06CF5098-E3FB-461C-B5B4-86C91878321D}.Ad-Hoc|iPhoneSimulator.ActiveCfg = Ad-Hoc|iPhoneSimulator
		{06CF5098-E3FB-461C-B5B4-86C91878321D}.Ad-Hoc|iPhoneSimulator.Build.0 = Ad-Hoc|iPhoneSimulator
		{06CF5098-E3FB-461C-B5B4-86C91878321D}.Ad-Hoc|iPhoneSimulator.Deploy.0 = Ad-Hoc|iPhoneSimulator
		{06CF5098-E3FB-461C-B5B4-86C91878321D}.AppStore|Any CPU.ActiveCfg = AppStore|iPhone
		{06CF5098-E3FB-461C-B5B4-86C91878321D}.AppStore|Any CPU.Build.0 = AppStore|iPhone
		{06CF5098-E3FB-461C-B5B4-86C91878321D}.AppStore|Any CPU.Deploy.0 = AppStore|iPhone
		{06CF5098-E3FB-461C-B5B4-86C91878321D}.AppStore|iPhone.ActiveCfg = AppStore|iPhone
		{06CF5098-E3FB-461C-B5B4-86C91878321D}.AppStore|iPhone.Build.0 = AppStore|iPhone
		{06CF5098-E3FB-461C-B5B4-86C91878321D}.AppStore|iPhone.Deploy.0 = AppStore|iPhone
		{06CF5098-E3FB-461C-B5B4-86C91878321D}.AppStore|iPhoneSimulator.ActiveCfg = AppStore|iPhoneSimulator
		{06CF5098-E3FB-461C-B5B4-86C91878321D}.AppStore|iPhoneSimulator.Build.0 = AppStore|iPhoneSimulator
		{06CF5098-E3FB-461C-B5B4-86C91878321D}.AppStore|iPhoneSimulator.Deploy.0 = AppStore|iPhoneSimulator
		{06CF5098-E3FB-461C-B5B4-86C91878321D}.Debug|Any CPU.ActiveCfg = Debug|iPhoneSimulator
		{06CF5098-E3FB-461C-B5B4-86C91878321D}.Debug|Any CPU.Build.0 = Debug|iPhoneSimulator
		{06CF5098-E3FB-461C-B5B4-86C91878321D}.Debug|Any CPU.Deploy.0 = Debug|iPhoneSimulator
		{06CF5098-E3FB-461C-B5B4-86C91878321D}.Debug|iPhone.ActiveCfg = Debug|iPhone
		{06CF5098-E3FB-461C-B5B4-86C91878321D}.Debug|iPhone.Build.0 = Debug|iPhone
		{06CF5098-E3FB-461C-B5B4-86C91878321D}.Debug|iPhone.Deploy.0 = Debug|iPhone
		{06CF5098-E3FB-461C-B5B4-86C91878321D}.Debug|iPhoneSimulator.ActiveCfg = Debug|iPhoneSimulator
		{06CF5098-E3FB-461C-B5B4-86C91878321D}.Debug|iPhoneSimulator.Build.0 = Debug|iPhoneSimulator
		{06CF5098-E3FB-461C-B5B4-86C91878321D}.Debug|iPhoneSimulator.Deploy.0 = Debug|iPhoneSimulator
		{06CF5098-E3FB-461C-B5B4-86C91878321D}.Release|Any CPU.ActiveCfg = Release|iPhone
		{06CF5098-E3FB-461C-B5B4-86C91878321D}.Release|Any CPU.Build.0 = Release|iPhone
		{06CF5098-E3FB-461C-B5B4-86C91878321D}.Release|Any CPU.Deploy.0 = Release|iPhone
		{06CF5098-E3FB-461C-B5B4-86C91878321D}.Release|iPhone.ActiveCfg = Release|iPhone
		{06CF5098-E3FB-461C-B5B4-86C91878321D}.Release|iPhone.Build.0 = Release|iPhone
		{06CF5098-E3FB-461C-B5B4-86C91878321D}.Release|iPhone.Deploy.0 = Release|iPhone
		{06CF5098-E3FB-461C-B5B4-86C91878321D}.Release|iPhoneSimulator.ActiveCfg = Release|iPhoneSimulator
		{06CF5098-E3FB-461C-B5B4-86C91878321D}.Release|iPhoneSimulator.Build.0 = Release|iPhoneSimulator
		{06CF5098-E3FB-461C-B5B4-86C91878321D}.Release|iPhoneSimulator.Deploy.0 = Release|iPhoneSimulator
		{2B5573A7-0FFE-442D-8C59-F8B5E4151385}.Ad-Hoc|Any CPU.ActiveCfg = Debug|Any CPU
		{2B5573A7-0FFE-442D-8C59-F8B5E4151385}.Ad-Hoc|Any CPU.Build.0 = Debug|Any CPU
		{2B5573A7-0FFE-442D-8C59-F8B5E4151385}.Ad-Hoc|Any CPU.Deploy.0 = Debug|Any CPU
		{2B5573A7-0FFE-442D-8C59-F8B5E4151385}.Ad-Hoc|iPhone.ActiveCfg = Debug|Any CPU
		{2B5573A7-0FFE-442D-8C59-F8B5E4151385}.Ad-Hoc|iPhone.Build.0 = Debug|Any CPU
		{2B5573A7-0FFE-442D-8C59-F8B5E4151385}.Ad-Hoc|iPhone.Deploy.0 = Debug|Any CPU
		{2B5573A7-0FFE-442D-8C59-F8B5E4151385}.Ad-Hoc|iPhoneSimulator.ActiveCfg = Debug|Any CPU
		{2B5573A7-0FFE-442D-8C59-F8B5E4151385}.Ad-Hoc|iPhoneSimulator.Build.0 = Debug|Any CPU
		{2B5573A7-0FFE-442D-8C59-F8B5E4151385}.Ad-Hoc|iPhoneSimulator.Deploy.0 = Debug|Any CPU
		{2B5573A7-0FFE-442D-8C59-F8B5E4151385}.AppStore|Any CPU.ActiveCfg = Debug|Any CPU
		{2B5573A7-0FFE-442D-8C59-F8B5E4151385}.AppStore|Any CPU.Build.0 = Debug|Any CPU
		{2B5573A7-0FFE-442D-8C59-F8B5E4151385}.AppStore|Any CPU.Deploy.0 = Debug|Any CPU
		{2B5573A7-0FFE-442D-8C59-F8B5E4151385}.AppStore|iPhone.ActiveCfg = Debug|Any CPU
		{2B5573A7-0FFE-442D-8C59-F8B5E4151385}.AppStore|iPhone.Build.0 = Debug|Any CPU
		{2B5573A7-0FFE-442D-8C59-F8B5E4151385}.AppStore|iPhone.Deploy.0 = Debug|Any CPU
		{2B5573A7-0FFE-442D-8C59-F8B5E4151385}.AppStore|iPhoneSimulator.ActiveCfg = Debug|Any CPU
		{2B5573A7-0FFE-442D-8C59-F8B5E4151385}.AppStore|iPhoneSimulator.Build.0 = Debug|Any CPU
		{2B5573A7-0FFE-442D-8C59-F8B5E4151385}.AppStore|iPhoneSimulator.Deploy.0 = Debug|Any CPU
		{2B5573A7-0FFE-442D-8C59-F8B5E4151385}.Debug|Any CPU.ActiveCfg = Debug|Any CPU
		{2B5573A7-0FFE-442D-8C59-F8B5E4151385}.Debug|Any CPU.Build.0 = Debug|Any CPU
		{2B5573A7-0FFE-442D-8C59-F8B5E4151385}.Debug|Any CPU.Deploy.0 = Debug|Any CPU
		{2B5573A7-0FFE-442D-8C59-F8B5E4151385}.Debug|iPhone.ActiveCfg = Debug|Any CPU
		{2B5573A7-0FFE-442D-8C59-F8B5E4151385}.Debug|iPhone.Build.0 = Debug|Any CPU
		{2B5573A7-0FFE-442D-8C59-F8B5E4151385}.Debug|iPhone.Deploy.0 = Debug|Any CPU
		{2B5573A7-0FFE-442D-8C59-F8B5E4151385}.Debug|iPhoneSimulator.ActiveCfg = Debug|Any CPU
		{2B5573A7-0FFE-442D-8C59-F8B5E4151385}.Debug|iPhoneSimulator.Build.0 = Debug|Any CPU
		{2B5573A7-0FFE-442D-8C59-F8B5E4151385}.Debug|iPhoneSimulator.Deploy.0 = Debug|Any CPU
		{2B5573A7-0FFE-442D-8C59-F8B5E4151385}.Release|Any CPU.ActiveCfg = Release|Any CPU
		{2B5573A7-0FFE-442D-8C59-F8B5E4151385}.Release|Any CPU.Build.0 = Release|Any CPU
		{2B5573A7-0FFE-442D-8C59-F8B5E4151385}.Release|Any CPU.Deploy.0 = Release|Any CPU
		{2B5573A7-0FFE-442D-8C59-F8B5E4151385}.Release|iPhone.ActiveCfg = Release|Any CPU
		{2B5573A7-0FFE-442D-8C59-F8B5E4151385}.Release|iPhone.Build.0 = Release|Any CPU
		{2B5573A7-0FFE-442D-8C59-F8B5E4151385}.Release|iPhone.Deploy.0 = Release|Any CPU
		{2B5573A7-0FFE-442D-8C59-F8B5E4151385}.Release|iPhoneSimulator.ActiveCfg = Release|Any CPU
		{2B5573A7-0FFE-442D-8C59-F8B5E4151385}.Release|iPhoneSimulator.Build.0 = Release|Any CPU
		{2B5573A7-0FFE-442D-8C59-F8B5E4151385}.Release|iPhoneSimulator.Deploy.0 = Release|Any CPU
	EndGlobalSection
	GlobalSection(SolutionProperties) = preSolution
		HideSolutionNode = FALSE
	EndGlobalSection
	GlobalSection(ExtensibilityGlobals) = postSolution
		SolutionGuid = {291FB044-DE98-4723-A1D1-53546F60FB4C}
	EndGlobalSection
EndGlobal
